
Microsoft Visual Studio Solution File, Format Version 12.00
# Visual Studio Version 16
VisualStudioVersion = 16.0.30011.22
MinimumVisualStudioVersion = 10.0.40219.1
Project("{8BC9CEB8-8B4A-11D0-8D11-00A0C91BC942}") = "01", "01\01.vcxproj", "{54291D7F-2BBB-4610-938F-89AE1002B4B5}"
EndProject
Project("{8BC9CEB8-8B4A-11D0-8D11-00A0C91BC942}") = "02", "02\02.vcxproj", "{E9DEAFC7-1E18-4DCF-926A-2BC4D49EB3F1}"
EndProject
Global
	GlobalSection(SolutionConfigurationPlatforms) = preSolution
		Debug|x64 = Debug|x64
		Debug|x86 = Debug|x86
		Release|x64 = Release|x64
		Release|x86 = Release|x86
	EndGlobalSection
	GlobalSection(ProjectConfigurationPlatforms) = postSolution
		{54291D7F-2BBB-4610-938F-89AE1002B4B5}.Debug|x64.ActiveCfg = Debug|x64
		{54291D7F-2BBB-4610-938F-89AE1002B4B5}.Debug|x64.Build.0 = Debug|x64
		{54291D7F-2BBB-4610-938F-89AE1002B4B5}.Debug|x86.ActiveCfg = Debug|Win32
		{54291D7F-2BBB-4610-938F-89AE1002B4B5}.Debug|x86.Build.0 = Debug|Win32
		{54291D7F-2BBB-4610-938F-89AE1002B4B5}.Release|x64.ActiveCfg = Release|x64
		{54291D7F-2BBB-4610-938F-89AE1002B4B5}.Release|x64.Build.0 = Release|x64
		{54291D7F-2BBB-4610-938F-89AE1002B4B5}.Release|x86.ActiveCfg = Release|Win32
		{54291D7F-2BBB-4610-938F-89AE1002B4B5}.Release|x86.Build.0 = Release|Win32
		{E9DEAFC7-1E18-4DCF-926A-2BC4D49EB3F1}.Debug|x64.ActiveCfg = Debug|x64
		{E9DEAFC7-1E18-4DCF-926A-2BC4D49EB3F1}.Debug|x64.Build.0 = Debug|x64
		{E9DEAFC7-1E18-4DCF-926A-2BC4D49EB3F1}.Debug|x86.ActiveCfg = Debug|Win32
		{E9DEAFC7-1E18-4DCF-926A-2BC4D49EB3F1}.Debug|x86.Build.0 = Debug|Win32
		{E9DEAFC7-1E18-4DCF-926A-2BC4D49EB3F1}.Release|x64.ActiveCfg = Release|x64
		{E9DEAFC7-1E18-4DCF-926A-2BC4D49EB3F1}.Release|x64.Build.0 = Release|x64
		{E9DEAFC7-1E18-4DCF-926A-2BC4D49EB3F1}.Release|x86.ActiveCfg = Release|Win32
		{E9DEAFC7-1E18-4DCF-926A-2BC4D49EB3F1}.Release|x86.Build.0 = Release|Win32
	EndGlobalSection
	GlobalSection(SolutionProperties) = preSolution
		HideSolutionNode = FALSE
	EndGlobalSection
	GlobalSection(ExtensibilityGlobals) = postSolution
		SolutionGuid = {19E498AD-8754-4A23-A02B-E622DFC7888B}
	EndGlobalSection
EndGlobal
