
Microsoft Visual Studio Solution File, Format Version 12.00
# Visual Studio Version 16
VisualStudioVersion = 16.0.29911.84
MinimumVisualStudioVersion = 10.0.40219.1
Project("{8BC9CEB8-8B4A-11D0-8D11-00A0C91BC942}") = "01", "01\01.vcxproj", "{EB4DC022-23AB-4EA0-9FBC-EBF87BE9B113}"
EndProject
Project("{8BC9CEB8-8B4A-11D0-8D11-00A0C91BC942}") = "02", "02\02.vcxproj", "{1598736F-11B8-4FDA-BBCF-DCD9F7A1AA46}"
EndProject
Project("{8BC9CEB8-8B4A-11D0-8D11-00A0C91BC942}") = "03", "03\03.vcxproj", "{A7AEAE2A-791F-4A1C-A29D-5BC75AA4024A}"
EndProject
Global
	GlobalSection(SolutionConfigurationPlatforms) = preSolution
		Debug|x64 = Debug|x64
		Debug|x86 = Debug|x86
		Release|x64 = Release|x64
		Release|x86 = Release|x86
	EndGlobalSection
	GlobalSection(ProjectConfigurationPlatforms) = postSolution
		{EB4DC022-23AB-4EA0-9FBC-EBF87BE9B113}.Debug|x64.ActiveCfg = Debug|x64
		{EB4DC022-23AB-4EA0-9FBC-EBF87BE9B113}.Debug|x64.Build.0 = Debug|x64
		{EB4DC022-23AB-4EA0-9FBC-EBF87BE9B113}.Debug|x86.ActiveCfg = Debug|Win32
		{EB4DC022-23AB-4EA0-9FBC-EBF87BE9B113}.Debug|x86.Build.0 = Debug|Win32
		{EB4DC022-23AB-4EA0-9FBC-EBF87BE9B113}.Release|x64.ActiveCfg = Release|x64
		{EB4DC022-23AB-4EA0-9FBC-EBF87BE9B113}.Release|x64.Build.0 = Release|x64
		{EB4DC022-23AB-4EA0-9FBC-EBF87BE9B113}.Release|x86.ActiveCfg = Release|Win32
		{EB4DC022-23AB-4EA0-9FBC-EBF87BE9B113}.Release|x86.Build.0 = Release|Win32
		{1598736F-11B8-4FDA-BBCF-DCD9F7A1AA46}.Debug|x64.ActiveCfg = Debug|x64
		{1598736F-11B8-4FDA-BBCF-DCD9F7A1AA46}.Debug|x64.Build.0 = Debug|x64
		{1598736F-11B8-4FDA-BBCF-DCD9F7A1AA46}.Debug|x86.ActiveCfg = Debug|Win32
		{1598736F-11B8-4FDA-BBCF-DCD9F7A1AA46}.Debug|x86.Build.0 = Debug|Win32
		{1598736F-11B8-4FDA-BBCF-DCD9F7A1AA46}.Release|x64.ActiveCfg = Release|x64
		{1598736F-11B8-4FDA-BBCF-DCD9F7A1AA46}.Release|x64.Build.0 = Release|x64
		{1598736F-11B8-4FDA-BBCF-DCD9F7A1AA46}.Release|x86.ActiveCfg = Release|Win32
		{1598736F-11B8-4FDA-BBCF-DCD9F7A1AA46}.Release|x86.Build.0 = Release|Win32
		{A7AEAE2A-791F-4A1C-A29D-5BC75AA4024A}.Debug|x64.ActiveCfg = Debug|x64
		{A7AEAE2A-791F-4A1C-A29D-5BC75AA4024A}.Debug|x64.Build.0 = Debug|x64
		{A7AEAE2A-791F-4A1C-A29D-5BC75AA4024A}.Debug|x86.ActiveCfg = Debug|Win32
		{A7AEAE2A-791F-4A1C-A29D-5BC75AA4024A}.Debug|x86.Build.0 = Debug|Win32
		{A7AEAE2A-791F-4A1C-A29D-5BC75AA4024A}.Release|x64.ActiveCfg = Release|x64
		{A7AEAE2A-791F-4A1C-A29D-5BC75AA4024A}.Release|x64.Build.0 = Release|x64
		{A7AEAE2A-791F-4A1C-A29D-5BC75AA4024A}.Release|x86.ActiveCfg = Release|Win32
		{A7AEAE2A-791F-4A1C-A29D-5BC75AA4024A}.Release|x86.Build.0 = Release|Win32
	EndGlobalSection
	GlobalSection(SolutionProperties) = preSolution
		HideSolutionNode = FALSE
	EndGlobalSection
	GlobalSection(ExtensibilityGlobals) = postSolution
		SolutionGuid = {573956AC-9404-4226-B507-9889996966BC}
	EndGlobalSection
EndGlobal
